
Microsoft Visual Studio Solution File, Format Version 12.00
# Visual Studio Version 16
VisualStudioVersion = 16.0.31025.194
MinimumVisualStudioVersion = 10.0.40219.1
Project("{F2A71F9B-5D33-465A-A702-920D77279786}") = "WebApplication1", "WebApplication1\WebApplication1.fsproj", "{F8359BEF-9336-4A94-BE01-D485D3940B2E}"
EndProject
Global
	GlobalSection(SolutionConfigurationPlatforms) = preSolution
		Debug|Any CPU = Debug|Any CPU
		Release|Any CPU = Release|Any CPU
	EndGlobalSection
	GlobalSection(ProjectConfigurationPlatforms) = postSolution
		{F8359BEF-9336-4A94-BE01-D485D3940B2E}.Debug|Any CPU.ActiveCfg = Debug|Any CPU
		{F8359BEF-9336-4A94-BE01-D485D3940B2E}.Debug|Any CPU.Build.0 = Debug|Any CPU
		{F8359BEF-9336-4A94-BE01-D485D3940B2E}.Release|Any CPU.ActiveCfg = Release|Any CPU
		{F8359BEF-9336-4A94-BE01-D485D3940B2E}.Release|Any CPU.Build.0 = Release|Any CPU
	EndGlobalSection
	GlobalSection(SolutionProperties) = preSolution
		HideSolutionNode = FALSE
	EndGlobalSection
	GlobalSection(ExtensibilityGlobals) = postSolution
		SolutionGuid = {5051AED5-D32B-46EB-B237-4BA496A4D885}
	EndGlobalSection
EndGlobal
